
Microsoft Visual Studio Solution File, Format Version 12.00
# Visual Studio Version 17
VisualStudioVersion = 17.3.32929.385
MinimumVisualStudioVersion = 10.0.40219.1
Project("{FAE04EC0-301F-11D3-BF4B-00C04F79EFBC}") = "Exercise2", "Exercise2\Exercise2.csproj", "{0FAD0BF5-7B9A-4DC5-8600-883745A801C1}"
EndProject
Project("{FAE04EC0-301F-11D3-BF4B-00C04F79EFBC}") = "Exercise5", "Exercise5\Exercise5.csproj", "{2959E177-E635-4392-8020-7E37044E6F89}"
EndProject
Project("{FAE04EC0-301F-11D3-BF4B-00C04F79EFBC}") = "Exercise6", "Exercise6\Exercise6.csproj", "{C5449690-8C3E-409F-BFAB-CD65E91B3A3B}"
EndProject
Global
	GlobalSection(SolutionConfigurationPlatforms) = preSolution
		Debug|Any CPU = Debug|Any CPU
		Release|Any CPU = Release|Any CPU
	EndGlobalSection
	GlobalSection(ProjectConfigurationPlatforms) = postSolution
		{0FAD0BF5-7B9A-4DC5-8600-883745A801C1}.Debug|Any CPU.ActiveCfg = Debug|Any CPU
		{0FAD0BF5-7B9A-4DC5-8600-883745A801C1}.Debug|Any CPU.Build.0 = Debug|Any CPU
		{0FAD0BF5-7B9A-4DC5-8600-883745A801C1}.Release|Any CPU.ActiveCfg = Release|Any CPU
		{0FAD0BF5-7B9A-4DC5-8600-883745A801C1}.Release|Any CPU.Build.0 = Release|Any CPU
		{2959E177-E635-4392-8020-7E37044E6F89}.Debug|Any CPU.ActiveCfg = Debug|Any CPU
		{2959E177-E635-4392-8020-7E37044E6F89}.Debug|Any CPU.Build.0 = Debug|Any CPU
		{2959E177-E635-4392-8020-7E37044E6F89}.Release|Any CPU.ActiveCfg = Release|Any CPU
		{2959E177-E635-4392-8020-7E37044E6F89}.Release|Any CPU.Build.0 = Release|Any CPU
		{C5449690-8C3E-409F-BFAB-CD65E91B3A3B}.Debug|Any CPU.ActiveCfg = Debug|Any CPU
		{C5449690-8C3E-409F-BFAB-CD65E91B3A3B}.Debug|Any CPU.Build.0 = Debug|Any CPU
		{C5449690-8C3E-409F-BFAB-CD65E91B3A3B}.Release|Any CPU.ActiveCfg = Release|Any CPU
		{C5449690-8C3E-409F-BFAB-CD65E91B3A3B}.Release|Any CPU.Build.0 = Release|Any CPU
	EndGlobalSection
	GlobalSection(SolutionProperties) = preSolution
		HideSolutionNode = FALSE
	EndGlobalSection
	GlobalSection(ExtensibilityGlobals) = postSolution
		SolutionGuid = {5B783B85-02B4-4CAE-B2D0-163CA783C6E0}
	EndGlobalSection
EndGlobal
